<?xml version="1.0" encoding="utf-8"?>
<Project ToolsVersion="17.0" xmlns="http://schemas.microsoft.com/developer/msbuild/2003">
  <ItemGroup>
    <ClCompile Include="E:\study\My-GitHub-Project\QHtmlWidget\python-litehtml-build\litehtml\src\gumbo\attribute.c">
      <Filter>Source Files</Filter>
    </ClCompile>
    <ClCompile Include="E:\study\My-GitHub-Project\QHtmlWidget\python-litehtml-build\litehtml\src\gumbo\char_ref.c">
      <Filter>Source Files</Filter>
    </ClCompile>
    <ClCompile Include="E:\study\My-GitHub-Project\QHtmlWidget\python-litehtml-build\litehtml\src\gumbo\error.c">
      <Filter>Source Files</Filter>
    </ClCompile>
    <ClCompile Include="E:\study\My-GitHub-Project\QHtmlWidget\python-litehtml-build\litehtml\src\gumbo\parser.c">
      <Filter>Source Files</Filter>
    </ClCompile>
    <ClCompile Include="E:\study\My-GitHub-Project\QHtmlWidget\python-litehtml-build\litehtml\src\gumbo\string_buffer.c">
      <Filter>Source Files</Filter>
    </ClCompile>
    <ClCompile Include="E:\study\My-GitHub-Project\QHtmlWidget\python-litehtml-build\litehtml\src\gumbo\string_piece.c">
      <Filter>Source Files</Filter>
    </ClCompile>
    <ClCompile Include="E:\study\My-GitHub-Project\QHtmlWidget\python-litehtml-build\litehtml\src\gumbo\tag.c">
      <Filter>Source Files</Filter>
    </ClCompile>
    <ClCompile Include="E:\study\My-GitHub-Project\QHtmlWidget\python-litehtml-build\litehtml\src\gumbo\tokenizer.c">
      <Filter>Source Files</Filter>
    </ClCompile>
    <ClCompile Include="E:\study\My-GitHub-Project\QHtmlWidget\python-litehtml-build\litehtml\src\gumbo\utf8.c">
      <Filter>Source Files</Filter>
    </ClCompile>
    <ClCompile Include="E:\study\My-GitHub-Project\QHtmlWidget\python-litehtml-build\litehtml\src\gumbo\util.c">
      <Filter>Source Files</Filter>
    </ClCompile>
    <ClCompile Include="E:\study\My-GitHub-Project\QHtmlWidget\python-litehtml-build\litehtml\src\gumbo\vector.c">
      <Filter>Source Files</Filter>
    </ClCompile>
  </ItemGroup>
  <ItemGroup>
    <CustomBuild Include="E:\study\My-GitHub-Project\QHtmlWidget\python-litehtml-build\litehtml\src\gumbo\CMakeLists.txt" />
  </ItemGroup>
  <ItemGroup>
    <Filter Include="Source Files">
      <UniqueIdentifier>{D213749A-CB62-3987-8658-0C5EFDDE4A80}</UniqueIdentifier>
    </Filter>
  </ItemGroup>
</Project>
